
Microsoft Visual Studio Solution File, Format Version 12.00
# Visual Studio Version 16
VisualStudioVersion = 16.0.29306.81
MinimumVisualStudioVersion = 10.0.40219.1
Project("{FAE04EC0-301F-11D3-BF4B-00C04F79EFBC}") = "Jukebox Heroes", "Jukebox Heros\Jukebox Heroes.csproj", "{A1DF9F78-6620-4910-8C41-0A6B53A7ABAE}"
EndProject
Global
	GlobalSection(SolutionConfigurationPlatforms) = preSolution
		Debug|Any CPU = Debug|Any CPU
		Release|Any CPU = Release|Any CPU
	EndGlobalSection
	GlobalSection(ProjectConfigurationPlatforms) = postSolution
		{A1DF9F78-6620-4910-8C41-0A6B53A7ABAE}.Debug|Any CPU.ActiveCfg = Debug|Any CPU
		{A1DF9F78-6620-4910-8C41-0A6B53A7ABAE}.Debug|Any CPU.Build.0 = Debug|Any CPU
		{A1DF9F78-6620-4910-8C41-0A6B53A7ABAE}.Release|Any CPU.ActiveCfg = Release|Any CPU
		{A1DF9F78-6620-4910-8C41-0A6B53A7ABAE}.Release|Any CPU.Build.0 = Release|Any CPU
	EndGlobalSection
	GlobalSection(SolutionProperties) = preSolution
		HideSolutionNode = FALSE
	EndGlobalSection
	GlobalSection(ExtensibilityGlobals) = postSolution
		SolutionGuid = {B8CD665F-AF94-4582-BB5E-A0E3E673CE84}
	EndGlobalSection
EndGlobal
